
Microsoft Visual Studio Solution File, Format Version 12.00
# Visual Studio Version 17
VisualStudioVersion = 17.3.32922.545
MinimumVisualStudioVersion = 10.0.40219.1
Project("{9A19103F-16F7-4668-BE54-9A1E7A4F7556}") = "mVehAuction", "WebApplication1\mVehAuction.csproj", "{8BEBCEFE-4DF5-41CD-8094-5A3A543D7F05}"
EndProject
Global
	GlobalSection(SolutionConfigurationPlatforms) = preSolution
		Debug|Any CPU = Debug|Any CPU
		Release|Any CPU = Release|Any CPU
	EndGlobalSection
	GlobalSection(ProjectConfigurationPlatforms) = postSolution
		{8BEBCEFE-4DF5-41CD-8094-5A3A543D7F05}.Debug|Any CPU.ActiveCfg = Debug|Any CPU
		{8BEBCEFE-4DF5-41CD-8094-5A3A543D7F05}.Debug|Any CPU.Build.0 = Debug|Any CPU
		{8BEBCEFE-4DF5-41CD-8094-5A3A543D7F05}.Release|Any CPU.ActiveCfg = Release|Any CPU
		{8BEBCEFE-4DF5-41CD-8094-5A3A543D7F05}.Release|Any CPU.Build.0 = Release|Any CPU
	EndGlobalSection
	GlobalSection(SolutionProperties) = preSolution
		HideSolutionNode = FALSE
	EndGlobalSection
	GlobalSection(ExtensibilityGlobals) = postSolution
		SolutionGuid = {B4FD8D0A-620B-4152-AD19-3185E4066AED}
	EndGlobalSection
EndGlobal
